// !$*UTF8*$!
{
	archiveVersion = 1;
	classes = {
	};
	objectVersion = 55;
	objects = {

/* Begin PBXBuildFile section */
		7E9A3A6D28BE45070049D538 /* Persons.swift in Sources */ = {isa = PBXBuildFile; fileRef = 7E9A3A6C28BE45070049D538 /* Persons.swift */; };
		7E9A3A6F28BE45180049D538 /* DataManager.swift in Sources */ = {isa = PBXBuildFile; fileRef = 7E9A3A6E28BE45180049D538 /* DataManager.swift */; };
		7E9A3A7128BE7B280049D538 /* DetailedListTableViewController.swift in Sources */ = {isa = PBXBuildFile; fileRef = 7E9A3A7028BE7B280049D538 /* DetailedListTableViewController.swift */; };
		7E9A3A7328BE7B8A0049D538 /* DetailedViewController.swift in Sources */ = {isa = PBXBuildFile; fileRef = 7E9A3A7228BE7B8A0049D538 /* DetailedViewController.swift */; };
		7E9A3A7728BFDAE50049D538 /* TabBarViewController.swift in Sources */ = {isa = PBXBuildFile; fileRef = 7E9A3A7628BFDAE50049D538 /* TabBarViewController.swift */; };
		7EFB81CC28BE1D7600C89C96 /* AppDelegate.swift in Sources */ = {isa = PBXBuildFile; fileRef = 7EFB81CB28BE1D7600C89C96 /* AppDelegate.swift */; };
		7EFB81CE28BE1D7600C89C96 /* SceneDelegate.swift in Sources */ = {isa = PBXBuildFile; fileRef = 7EFB81CD28BE1D7600C89C96 /* SceneDelegate.swift */; };
		7EFB81D328BE1D7600C89C96 /* Main.storyboard in Resources */ = {isa = PBXBuildFile; fileRef = 7EFB81D128BE1D7600C89C96 /* Main.storyboard */; };
		7EFB81D528BE1D7800C89C96 /* Assets.xcassets in Resources */ = {isa = PBXBuildFile; fileRef = 7EFB81D428BE1D7800C89C96 /* Assets.xcassets */; };
		7EFB81D828BE1D7800C89C96 /* LaunchScreen.storyboard in Resources */ = {isa = PBXBuildFile; fileRef = 7EFB81D628BE1D7800C89C96 /* LaunchScreen.storyboard */; };
		7EFB81E328BE1F2300C89C96 /* PersonsListTableViewController.swift in Sources */ = {isa = PBXBuildFile; fileRef = 7EFB81E228BE1F2300C89C96 /* PersonsListTableViewController.swift */; };
/* End PBXBuildFile section */

/* Begin PBXFileReference section */
		7E9A3A6C28BE45070049D538 /* Persons.swift */ = {isa = PBXFileReference; lastKnownFileType = sourcecode.swift; path = Persons.swift; sourceTree = "<group>"; };
		7E9A3A6E28BE45180049D538 /* DataManager.swift */ = {isa = PBXFileReference; lastKnownFileType = sourcecode.swift; path = DataManager.swift; sourceTree = "<group>"; };
		7E9A3A7028BE7B280049D538 /* DetailedListTableViewController.swift */ = {isa = PBXFileReference; lastKnownFileType = sourcecode.swift; path = DetailedListTableViewController.swift; sourceTree = "<group>"; };
		7E9A3A7228BE7B8A0049D538 /* DetailedViewController.swift */ = {isa = PBXFileReference; lastKnownFileType = sourcecode.swift; path = DetailedViewController.swift; sourceTree = "<group>"; };
		7E9A3A7628BFDAE50049D538 /* TabBarViewController.swift */ = {isa = PBXFileReference; lastKnownFileType = sourcecode.swift; path = TabBarViewController.swift; sourceTree = "<group>"; };
		7EFB81C828BE1D7600C89C96 /* ContactList.app */ = {isa = PBXFileReference; explicitFileType = wrapper.application; includeInIndex = 0; path = ContactList.app; sourceTree = BUILT_PRODUCTS_DIR; };
		7EFB81CB28BE1D7600C89C96 /* AppDelegate.swift */ = {isa = PBXFileReference; lastKnownFileType = sourcecode.swift; path = AppDelegate.swift; sourceTree = "<group>"; };
		7EFB81CD28BE1D7600C89C96 /* SceneDelegate.swift */ = {isa = PBXFileReference; lastKnownFileType = sourcecode.swift; path = SceneDelegate.swift; sourceTree = "<group>"; };
		7EFB81D228BE1D7600C89C96 /* Base */ = {isa = PBXFileReference; lastKnownFileType = file.storyboard; name = Base; path = Base.lproj/Main.storyboard; sourceTree = "<group>"; };
		7EFB81D428BE1D7800C89C96 /* Assets.xcassets */ = {isa = PBXFileReference; lastKnownFileType = folder.assetcatalog; path = Assets.xcassets; sourceTree = "<group>"; };
		7EFB81D728BE1D7800C89C96 /* Base */ = {isa = PBXFileReference; lastKnownFileType = file.storyboard; name = Base; path = Base.lproj/LaunchScreen.storyboard; sourceTree = "<group>"; };
		7EFB81D928BE1D7800C89C96 /* Info.plist */ = {isa = PBXFileReference; lastKnownFileType = text.plist.xml; path = Info.plist; sourceTree = "<group>"; };
		7EFB81E228BE1F2300C89C96 /* PersonsListTableViewController.swift */ = {isa = PBXFileReference; lastKnownFileType = sourcecode.swift; path = PersonsListTableViewController.swift; sourceTree = "<group>"; };
/* End PBXFileReference section */

/* Begin PBXFrameworksBuildPhase section */
		7EFB81C528BE1D7600C89C96 /* Frameworks */ = {
			isa = PBXFrameworksBuildPhase;
			buildActionMask = 2147483647;
			files = (
			);
			runOnlyForDeploymentPostprocessing = 0;
		};
/* End PBXFrameworksBuildPhase section */

/* Begin PBXGroup section */
		7EFB81BF28BE1D7600C89C96 = {
			isa = PBXGroup;
			children = (
				7EFB81CA28BE1D7600C89C96 /* ContactList */,
				7EFB81C928BE1D7600C89C96 /* Products */,
			);
			sourceTree = "<group>";
		};
		7EFB81C928BE1D7600C89C96 /* Products */ = {
			isa = PBXGroup;
			children = (
				7EFB81C828BE1D7600C89C96 /* ContactList.app */,
			);
			name = Products;
			sourceTree = "<group>";
		};
		7EFB81CA28BE1D7600C89C96 /* ContactList */ = {
			isa = PBXGroup;
			children = (
				7EFB81DF28BE1D9800C89C96 /* Storyboards */,
				7EFB81E128BE1DDC00C89C96 /* ViewControllers */,
				7EFB81E028BE1DBA00C89C96 /* Models */,
				7EFB81CB28BE1D7600C89C96 /* AppDelegate.swift */,
				7EFB81CD28BE1D7600C89C96 /* SceneDelegate.swift */,
				7EFB81D428BE1D7800C89C96 /* Assets.xcassets */,
				7EFB81D928BE1D7800C89C96 /* Info.plist */,
			);
			path = ContactList;
			sourceTree = "<group>";
		};
		7EFB81DF28BE1D9800C89C96 /* Storyboards */ = {
			isa = PBXGroup;
			children = (
				7EFB81D128BE1D7600C89C96 /* Main.storyboard */,
				7EFB81D628BE1D7800C89C96 /* LaunchScreen.storyboard */,
			);
			path = Storyboards;
			sourceTree = "<group>";
		};
		7EFB81E028BE1DBA00C89C96 /* Models */ = {
			isa = PBXGroup;
			children = (
				7E9A3A6C28BE45070049D538 /* Persons.swift */,
				7E9A3A6E28BE45180049D538 /* DataManager.swift */,
			);
			path = Models;
			sourceTree = "<group>";
		};
		7EFB81E128BE1DDC00C89C96 /* ViewControllers */ = {
			isa = PBXGroup;
			children = (
				7EFB81E228BE1F2300C89C96 /* PersonsListTableViewController.swift */,
				7E9A3A7028BE7B280049D538 /* DetailedListTableViewController.swift */,
				7E9A3A7228BE7B8A0049D538 /* DetailedViewController.swift */,
				7E9A3A7628BFDAE50049D538 /* TabBarViewController.swift */,
			);
			path = ViewControllers;
			sourceTree = "<group>";
		};
/* End PBXGroup section */

/* Begin PBXNativeTarget section */
		7EFB81C728BE1D7600C89C96 /* ContactList */ = {
			isa = PBXNativeTarget;
			buildConfigurationList = 7EFB81DC28BE1D7800C89C96 /* Build configuration list for PBXNativeTarget "ContactList" */;
			buildPhases = (
				7EFB81C428BE1D7600C89C96 /* Sources */,
				7EFB81C528BE1D7600C89C96 /* Frameworks */,
				7EFB81C628BE1D7600C89C96 /* Resources */,
			);
			buildRules = (
			);
			dependencies = (
			);
			name = ContactList;
			productName = ContactList;
			productReference = 7EFB81C828BE1D7600C89C96 /* ContactList.app */;
			productType = "com.apple.product-type.application";
		};
/* End PBXNativeTarget section */

/* Begin PBXProject section */
		7EFB81C028BE1D7600C89C96 /* Project object */ = {
			isa = PBXProject;
			attributes = {
				BuildIndependentTargetsInParallel = 1;
				LastSwiftUpdateCheck = 1340;
				LastUpgradeCheck = 1340;
				TargetAttributes = {
					7EFB81C728BE1D7600C89C96 = {
						CreatedOnToolsVersion = 13.4.1;
					};
				};
			};
			buildConfigurationList = 7EFB81C328BE1D7600C89C96 /* Build configuration list for PBXProject "ContactList" */;
			compatibilityVersion = "Xcode 13.0";
			developmentRegion = en;
			hasScannedForEncodings = 0;
			knownRegions = (
				en,
				Base,
			);
			mainGroup = 7EFB81BF28BE1D7600C89C96;
			productRefGroup = 7EFB81C928BE1D7600C89C96 /* Products */;
			projectDirPath = "";
			projectRoot = "";
			targets = (
				7EFB81C728BE1D7600C89C96 /* ContactList */,
			);
		};
/* End PBXProject section */

/* Begin PBXResourcesBuildPhase section */
		7EFB81C628BE1D7600C89C96 /* Resources */ = {
			isa = PBXResourcesBuildPhase;
			buildActionMask = 2147483647;
			files = (
				7EFB81D828BE1D7800C89C96 /* LaunchScreen.storyboard in Resources */,
				7EFB81D528BE1D7800C89C96 /* Assets.xcassets in Resources */,
				7EFB81D328BE1D7600C89C96 /* Main.storyboard in Resources */,
			);
			runOnlyForDeploymentPostprocessing = 0;
		};
/* End PBXResourcesBuildPhase section */

/* Begin PBXSourcesBuildPhase section */
		7EFB81C428BE1D7600C89C96 /* Sources */ = {
			isa = PBXSourcesBuildPhase;
			buildActionMask = 2147483647;
			files = (
				7E9A3A7728BFDAE50049D538 /* TabBarViewController.swift in Sources */,
				7EFB81E328BE1F2300C89C96 /* PersonsListTableViewController.swift in Sources */,
				7E9A3A6F28BE45180049D538 /* DataManager.swift in Sources */,
				7EFB81CC28BE1D7600C89C96 /* AppDelegate.swift in Sources */,
				7E9A3A7128BE7B280049D538 /* DetailedListTableViewController.swift in Sources */,
				7E9A3A6D28BE45070049D538 /* Persons.swift in Sources */,
				7EFB81CE28BE1D7600C89C96 /* SceneDelegate.swift in Sources */,
				7E9A3A7328BE7B8A0049D538 /* DetailedViewController.swift in Sources */,
			);
			runOnlyForDeploymentPostprocessing = 0;
		};
/* End PBXSourcesBuildPhase section */

/* Begin PBXVariantGroup section */
		7EFB81D128BE1D7600C89C96 /* Main.storyboard */ = {
			isa = PBXVariantGroup;
			children = (
				7EFB81D228BE1D7600C89C96 /* Base */,
			);
			name = Main.storyboard;
			sourceTree = "<group>";
		};
		7EFB81D628BE1D7800C89C96 /* LaunchScreen.storyboard */ = {
			isa = PBXVariantGroup;
			children = (
				7EFB81D728BE1D7800C89C96 /* Base */,
			);
			name = LaunchScreen.storyboard;
			sourceTree = "<group>";
		};
/* End PBXVariantGroup section */

/* Begin XCBuildConfiguration section */
		7EFB81DA28BE1D7800C89C96 /* Debug */ = {
			isa = XCBuildConfiguration;
			buildSettings = {
				ALWAYS_SEARCH_USER_PATHS = NO;
				CLANG_ANALYZER_NONNULL = YES;
				CLANG_ANALYZER_NUMBER_OBJECT_CONVERSION = YES_AGGRESSIVE;
				CLANG_CXX_LANGUAGE_STANDARD = "gnu++17";
				CLANG_ENABLE_MODULES = YES;
				CLANG_ENABLE_OBJC_ARC = YES;
				CLANG_ENABLE_OBJC_WEAK = YES;
				CLANG_WARN_BLOCK_CAPTURE_AUTORELEASING = YES;
				CLANG_WARN_BOOL_CONVERSION = YES;
				CLANG_WARN_COMMA = YES;
				CLANG_WARN_CONSTANT_CONVERSION = YES;
				CLANG_WARN_DEPRECATED_OBJC_IMPLEMENTATIONS = YES;
				CLANG_WARN_DIRECT_OBJC_ISA_USAGE = YES_ERROR;
				CLANG_WARN_DOCUMENTATION_COMMENTS = YES;
				CLANG_WARN_EMPTY_BODY = YES;
				CLANG_WARN_ENUM_CONVERSION = YES;
				CLANG_WARN_INFINITE_RECURSION = YES;
				CLANG_WARN_INT_CONVERSION = YES;
				CLANG_WARN_NON_LITERAL_NULL_CONVERSION = YES;
				CLANG_WARN_OBJC_IMPLICIT_RETAIN_SELF = YES;
				CLANG_WARN_OBJC_LITERAL_CONVERSION = YES;
				CLANG_WARN_OBJC_ROOT_CLASS = YES_ERROR;
				CLANG_WARN_QUOTED_INCLUDE_IN_FRAMEWORK_HEADER = YES;
				CLANG_WARN_RANGE_LOOP_ANALYSIS = YES;
				CLANG_WARN_STRICT_PROTOTYPES = YES;
				CLANG_WARN_SUSPICIOUS_MOVE = YES;
				CLANG_WARN_UNGUARDED_AVAILABILITY = YES_AGGRESSIVE;
				CLANG_WARN_UNREACHABLE_CODE = YES;
				CLANG_WARN__DUPLICATE_METHOD_MATCH = YES;
				COPY_PHASE_STRIP = NO;
				DEBUG_INFORMATION_FORMAT = dwarf;
				ENABLE_STRICT_OBJC_MSGSEND = YES;
				ENABLE_TESTABILITY = YES;
				GCC_C_LANGUAGE_STANDARD = gnu11;
				GCC_DYNAMIC_NO_PIC = NO;
				GCC_NO_COMMON_BLOCKS = YES;
				GCC_OPTIMIZATION_LEVEL = 0;
				GCC_PREPROCESSOR_DEFINITIONS = (
					"DEBUG=1",
					"$(inherited)",
				);
				GCC_WARN_64_TO_32_BIT_CONVERSION = YES;
				GCC_WARN_ABOUT_RETURN_TYPE = YES_ERROR;
				GCC_WARN_UNDECLARED_SELECTOR = YES;
				GCC_WARN_UNINITIALIZED_AUTOS = YES_AGGRESSIVE;
				GCC_WARN_UNUSED_FUNCTION = YES;
				GCC_WARN_UNUSED_VARIABLE = YES;
				IPHONEOS_DEPLOYMENT_TARGET = 15.5;
				MTL_ENABLE_DEBUG_INFO = INCLUDE_SOURCE;
				MTL_FAST_MATH = YES;
				ONLY_ACTIVE_ARCH = YES;
				SDKROOT = iphoneos;
				SWIFT_ACTIVE_COMPILATION_CONDITIONS = DEBUG;
				SWIFT_OPTIMIZATION_LEVEL = "-Onone";
			};
			name = Debug;
		};
		7EFB81DB28BE1D7800C89C96 /* Release */ = {
			isa = XCBuildConfiguration;
			buildSettings = {
				ALWAYS_SEARCH_USER_PATHS = NO;
				CLANG_ANALYZER_NONNULL = YES;
				CLANG_ANALYZER_NUMBER_OBJECT_CONVERSION = YES_AGGRESSIVE;
				CLANG_CXX_LANGUAGE_STANDARD = "gnu++17";
				CLANG_ENABLE_MODULES = YES;
				CLANG_ENABLE_OBJC_ARC = YES;
				CLANG_ENABLE_OBJC_WEAK = YES;
				CLANG_WARN_BLOCK_CAPTURE_AUTORELEASING = YES;
				CLANG_WARN_BOOL_CONVERSION = YES;
				CLANG_WARN_COMMA = YES;
				CLANG_WARN_CONSTANT_CONVERSION = YES;
				CLANG_WARN_DEPRECATED_OBJC_IMPLEMENTATIONS = YES;
				CLANG_WARN_DIRECT_OBJC_ISA_USAGE = YES_ERROR;
				CLANG_WARN_DOCUMENTATION_COMMENTS = YES;
				CLANG_WARN_EMPTY_BODY = YES;
				CLANG_WARN_ENUM_CONVERSION = YES;
				CLANG_WARN_INFINITE_RECURSION = YES;
				CLANG_WARN_INT_CONVERSION = YES;
				CLANG_WARN_NON_LITERAL_NULL_CONVERSION = YES;
				CLANG_WARN_OBJC_IMPLICIT_RETAIN_SELF = YES;
				CLANG_WARN_OBJC_LITERAL_CONVERSION = YES;
				CLANG_WARN_OBJC_ROOT_CLASS = YES_ERROR;
				CLANG_WARN_QUOTED_INCLUDE_IN_FRAMEWORK_HEADER = YES;
				CLANG_WARN_RANGE_LOOP_ANALYSIS = YES;
				CLANG_WARN_STRICT_PROTOTYPES = YES;
				CLANG_WARN_SUSPICIOUS_MOVE = YES;
				CLANG_WARN_UNGUARDED_AVAILABILITY = YES_AGGRESSIVE;
				CLANG_WARN_UNREACHABLE_CODE = YES;
				CLANG_WARN__DUPLICATE_METHOD_MATCH = YES;
				COPY_PHASE_STRIP = NO;
				DEBUG_INFORMATION_FORMAT = "dwarf-with-dsym";
				ENABLE_NS_ASSERTIONS = NO;
				ENABLE_STRICT_OBJC_MSGSEND = YES;
				GCC_C_LANGUAGE_STANDARD = gnu11;
				GCC_NO_COMMON_BLOCKS = YES;
				GCC_WARN_64_TO_32_BIT_CONVERSION = YES;
				GCC_WARN_ABOUT_RETURN_TYPE = YES_ERROR;
				GCC_WARN_UNDECLARED_SELECTOR = YES;
				GCC_WARN_UNINITIALIZED_AUTOS = YES_AGGRESSIVE;
				GCC_WARN_UNUSED_FUNCTION = YES;
				GCC_WARN_UNUSED_VARIABLE = YES;
				IPHONEOS_DEPLOYMENT_TARGET = 15.5;
				MTL_ENABLE_DEBUG_INFO = NO;
				MTL_FAST_MATH = YES;
				SDKROOT = iphoneos;
				SWIFT_COMPILATION_MODE = wholemodule;
				SWIFT_OPTIMIZATION_LEVEL = "-O";
				VALIDATE_PRODUCT = YES;
			};
			name = Release;
		};
		7EFB81DD28BE1D7800C89C96 /* Debug */ = {
			isa = XCBuildConfiguration;
			buildSettings = {
				ASSETCATALOG_COMPILER_APPICON_NAME = AppIcon;
				ASSETCATALOG_COMPILER_GLOBAL_ACCENT_COLOR_NAME = AccentColor;
				CODE_SIGN_STYLE = Automatic;
				CURRENT_PROJECT_VERSION = 1;
				GENERATE_INFOPLIST_FILE = YES;
				INFOPLIST_FILE = ContactList/Info.plist;
				INFOPLIST_KEY_UIApplicationSupportsIndirectInputEvents = YES;
				INFOPLIST_KEY_UILaunchStoryboardName = LaunchScreen;
				INFOPLIST_KEY_UIMainStoryboardFile = Main;
				INFOPLIST_KEY_UISupportedInterfaceOrientations_iPad = "UIInterfaceOrientationPortrait UIInterfaceOrientationPortraitUpsideDown UIInterfaceOrientationLandscapeLeft UIInterfaceOrientationLandscapeRight";
				INFOPLIST_KEY_UISupportedInterfaceOrientations_iPhone = "UIInterfaceOrientationPortrait UIInterfaceOrientationLandscapeLeft UIInterfaceOrientationLandscapeRight";
				LD_RUNPATH_SEARCH_PATHS = (
					"$(inherited)",
					"@executable_path/Frameworks",
				);
				MARKETING_VERSION = 1.0;
				PRODUCT_BUNDLE_IDENTIFIER = QWhmn.ContactList;
				PRODUCT_NAME = "$(TARGET_NAME)";
				SWIFT_EMIT_LOC_STRINGS = YES;
				SWIFT_VERSION = 5.0;
				TARGETED_DEVICE_FAMILY = 1;
			};
			name = Debug;
		};
		7EFB81DE28BE1D7800C89C96 /* Release */ = {
			isa = XCBuildConfiguration;
			buildSettings = {
				ASSETCATALOG_COMPILER_APPICON_NAME = AppIcon;
				ASSETCATALOG_COMPILER_GLOBAL_ACCENT_COLOR_NAME = AccentColor;
				CODE_SIGN_STYLE = Automatic;
				CURRENT_PROJECT_VERSION = 1;
				GENERATE_INFOPLIST_FILE = YES;
				INFOPLIST_FILE = ContactList/Info.plist;
				INFOPLIST_KEY_UIApplicationSupportsIndirectInputEvents = YES;
				INFOPLIST_KEY_UILaunchStoryboardName = LaunchScreen;
				INFOPLIST_KEY_UIMainStoryboardFile = Main;
				INFOPLIST_KEY_UISupportedInterfaceOrientations_iPad = "UIInterfaceOrientationPortrait UIInterfaceOrientationPortraitUpsideDown UIInterfaceOrientationLandscapeLeft UIInterfaceOrientationLandscapeRight";
				INFOPLIST_KEY_UISupportedInterfaceOrientations_iPhone = "UIInterfaceOrientationPortrait UIInterfaceOrientationLandscapeLeft UIInterfaceOrientationLandscapeRight";
				LD_RUNPATH_SEARCH_PATHS = (
					"$(inherited)",
					"@executable_path/Frameworks",
				);
				MARKETING_VERSION = 1.0;
				PRODUCT_BUNDLE_IDENTIFIER = QWhmn.ContactList;
				PRODUCT_NAME = "$(TARGET_NAME)";
				SWIFT_EMIT_LOC_STRINGS = YES;
				SWIFT_VERSION = 5.0;
				TARGETED_DEVICE_FAMILY = 1;
			};
			name = Release;
		};
/* End XCBuildConfiguration section */

/* Begin XCConfigurationList section */
		7EFB81C328BE1D7600C89C96 /* Build configuration list for PBXProject "ContactList" */ = {
			isa = XCConfigurationList;
			buildConfigurations = (
				7EFB81DA28BE1D7800C89C96 /* Debug */,
				7EFB81DB28BE1D7800C89C96 /* Release */,
			);
			defaultConfigurationIsVisible = 0;
			defaultConfigurationName = Release;
		};
		7EFB81DC28BE1D7800C89C96 /* Build configuration list for PBXNativeTarget "ContactList" */ = {
			isa = XCConfigurationList;
			buildConfigurations = (
				7EFB81DD28BE1D7800C89C96 /* Debug */,
				7EFB81DE28BE1D7800C89C96 /* Release */,
			);
			defaultConfigurationIsVisible = 0;
			defaultConfigurationName = Release;
		};
/* End XCConfigurationList section */
	};
	rootObject = 7EFB81C028BE1D7600C89C96 /* Project object */;
}
